dependencies:
- name: redis
  repository: oci://registry-1.docker.io/bitnamicharts
  version: 19.1.5
- name: postgresql
  repository: oci://registry-1.docker.io/bitnamicharts
  version: 15.2.8
digest: sha256:6973a98cf462a8da6f54f07754b39e56f5e40f88569a6e963963c6a48c081fdb
generated: "2024-05-01T20:47:59.849276+02:00"
